
Microsoft Visual Studio Solution File, Format Version 12.00
# Visual Studio Version 17
VisualStudioVersion = 17.8.34330.188
MinimumVisualStudioVersion = 10.0.40219.1
Project("{8BC9CEB8-8B4A-11D0-8D11-00A0C91BC942}") = "01", "01\01.vcxproj", "{14B7568A-13D9-4895-98ED-E7D26E9766E0}"
EndProject
Project("{8BC9CEB8-8B4A-11D0-8D11-00A0C91BC942}") = "check_all", "check_all\check_all.vcxproj", "{AEAF8CC0-F6DA-4E8B-97A5-3F5F43083A0E}"
EndProject
Project("{8BC9CEB8-8B4A-11D0-8D11-00A0C91BC942}") = "common", "common\common.vcxproj", "{F690593C-11FE-4690-BCB9-67432A075819}"
EndProject
Project("{8BC9CEB8-8B4A-11D0-8D11-00A0C91BC942}") = "02", "02\02.vcxproj", "{7A402436-7B4C-4B18-93C6-B1B0FB4F576E}"
EndProject
Project("{8BC9CEB8-8B4A-11D0-8D11-00A0C91BC942}") = "03", "03\03.vcxproj", "{1F728688-51BF-4F2D-B99C-80F9522455C9}"
EndProject
Project("{8BC9CEB8-8B4A-11D0-8D11-00A0C91BC942}") = "04", "04\04.vcxproj", "{11C4EFBA-271E-419B-A9F3-043500FA4F80}"
EndProject
Global
	GlobalSection(SolutionConfigurationPlatforms) = preSolution
		Debug|x64 = Debug|x64
		Debug|x86 = Debug|x86
		Release|x64 = Release|x64
		Release|x86 = Release|x86
	EndGlobalSection
	GlobalSection(ProjectConfigurationPlatforms) = postSolution
		{14B7568A-13D9-4895-98ED-E7D26E9766E0}.Debug|x64.ActiveCfg = Debug|x64
		{14B7568A-13D9-4895-98ED-E7D26E9766E0}.Debug|x64.Build.0 = Debug|x64
		{14B7568A-13D9-4895-98ED-E7D26E9766E0}.Debug|x86.ActiveCfg = Debug|Win32
		{14B7568A-13D9-4895-98ED-E7D26E9766E0}.Debug|x86.Build.0 = Debug|Win32
		{14B7568A-13D9-4895-98ED-E7D26E9766E0}.Release|x64.ActiveCfg = Release|x64
		{14B7568A-13D9-4895-98ED-E7D26E9766E0}.Release|x64.Build.0 = Release|x64
		{14B7568A-13D9-4895-98ED-E7D26E9766E0}.Release|x86.ActiveCfg = Release|Win32
		{14B7568A-13D9-4895-98ED-E7D26E9766E0}.Release|x86.Build.0 = Release|Win32
		{AEAF8CC0-F6DA-4E8B-97A5-3F5F43083A0E}.Debug|x64.ActiveCfg = Debug|x64
		{AEAF8CC0-F6DA-4E8B-97A5-3F5F43083A0E}.Debug|x64.Build.0 = Debug|x64
		{AEAF8CC0-F6DA-4E8B-97A5-3F5F43083A0E}.Debug|x86.ActiveCfg = Debug|Win32
		{AEAF8CC0-F6DA-4E8B-97A5-3F5F43083A0E}.Debug|x86.Build.0 = Debug|Win32
		{AEAF8CC0-F6DA-4E8B-97A5-3F5F43083A0E}.Release|x64.ActiveCfg = Release|x64
		{AEAF8CC0-F6DA-4E8B-97A5-3F5F43083A0E}.Release|x64.Build.0 = Release|x64
		{AEAF8CC0-F6DA-4E8B-97A5-3F5F43083A0E}.Release|x86.ActiveCfg = Release|Win32
		{AEAF8CC0-F6DA-4E8B-97A5-3F5F43083A0E}.Release|x86.Build.0 = Release|Win32
		{F690593C-11FE-4690-BCB9-67432A075819}.Debug|x64.ActiveCfg = Debug|x64
		{F690593C-11FE-4690-BCB9-67432A075819}.Debug|x64.Build.0 = Debug|x64
		{F690593C-11FE-4690-BCB9-67432A075819}.Debug|x86.ActiveCfg = Debug|Win32
		{F690593C-11FE-4690-BCB9-67432A075819}.Debug|x86.Build.0 = Debug|Win32
		{F690593C-11FE-4690-BCB9-67432A075819}.Release|x64.ActiveCfg = Release|x64
		{F690593C-11FE-4690-BCB9-67432A075819}.Release|x64.Build.0 = Release|x64
		{F690593C-11FE-4690-BCB9-67432A075819}.Release|x86.ActiveCfg = Release|Win32
		{F690593C-11FE-4690-BCB9-67432A075819}.Release|x86.Build.0 = Release|Win32
		{7A402436-7B4C-4B18-93C6-B1B0FB4F576E}.Debug|x64.ActiveCfg = Debug|x64
		{7A402436-7B4C-4B18-93C6-B1B0FB4F576E}.Debug|x64.Build.0 = Debug|x64
		{7A402436-7B4C-4B18-93C6-B1B0FB4F576E}.Debug|x86.ActiveCfg = Debug|Win32
		{7A402436-7B4C-4B18-93C6-B1B0FB4F576E}.Debug|x86.Build.0 = Debug|Win32
		{7A402436-7B4C-4B18-93C6-B1B0FB4F576E}.Release|x64.ActiveCfg = Release|x64
		{7A402436-7B4C-4B18-93C6-B1B0FB4F576E}.Release|x64.Build.0 = Release|x64
		{7A402436-7B4C-4B18-93C6-B1B0FB4F576E}.Release|x86.ActiveCfg = Release|Win32
		{7A402436-7B4C-4B18-93C6-B1B0FB4F576E}.Release|x86.Build.0 = Release|Win32
		{1F728688-51BF-4F2D-B99C-80F9522455C9}.Debug|x64.ActiveCfg = Debug|x64
		{1F728688-51BF-4F2D-B99C-80F9522455C9}.Debug|x64.Build.0 = Debug|x64
		{1F728688-51BF-4F2D-B99C-80F9522455C9}.Debug|x86.ActiveCfg = Debug|Win32
		{1F728688-51BF-4F2D-B99C-80F9522455C9}.Debug|x86.Build.0 = Debug|Win32
		{1F728688-51BF-4F2D-B99C-80F9522455C9}.Release|x64.ActiveCfg = Release|x64
		{1F728688-51BF-4F2D-B99C-80F9522455C9}.Release|x64.Build.0 = Release|x64
		{1F728688-51BF-4F2D-B99C-80F9522455C9}.Release|x86.ActiveCfg = Release|Win32
		{1F728688-51BF-4F2D-B99C-80F9522455C9}.Release|x86.Build.0 = Release|Win32
		{11C4EFBA-271E-419B-A9F3-043500FA4F80}.Debug|x64.ActiveCfg = Debug|x64
		{11C4EFBA-271E-419B-A9F3-043500FA4F80}.Debug|x64.Build.0 = Debug|x64
		{11C4EFBA-271E-419B-A9F3-043500FA4F80}.Debug|x86.ActiveCfg = Debug|Win32
		{11C4EFBA-271E-419B-A9F3-043500FA4F80}.Debug|x86.Build.0 = Debug|Win32
		{11C4EFBA-271E-419B-A9F3-043500FA4F80}.Release|x64.ActiveCfg = Release|x64
		{11C4EFBA-271E-419B-A9F3-043500FA4F80}.Release|x64.Build.0 = Release|x64
		{11C4EFBA-271E-419B-A9F3-043500FA4F80}.Release|x86.ActiveCfg = Release|Win32
		{11C4EFBA-271E-419B-A9F3-043500FA4F80}.Release|x86.Build.0 = Release|Win32
	EndGlobalSection
	GlobalSection(SolutionProperties) = preSolution
		HideSolutionNode = FALSE
	EndGlobalSection
	GlobalSection(ExtensibilityGlobals) = postSolution
		SolutionGuid = {54B9932D-C0F0-4521-9582-096DF5078F5D}
	EndGlobalSection
EndGlobal
